// !$*UTF8*$!
{
	archiveVersion = 1;
	classes = {
	};
	objectVersion = 50;
	objects = {

/* Begin PBXBuildFile section */
		455CF56726014DBC00DE17D4 /* AmoroApp WatchKit App.app in Embed Watch Content */ = {isa = PBXBuildFile; fileRef = 455CF56626014DBC00DE17D4 /* AmoroApp WatchKit App.app */; settings = {ATTRIBUTES = (RemoveHeadersOnCopy, ); }; };
		455CF56C26014DBE00DE17D4 /* Assets.xcassets in Resources */ = {isa = PBXBuildFile; fileRef = 455CF56B26014DBE00DE17D4 /* Assets.xcassets */; };
		455CF57326014DBF00DE17D4 /* AmoroApp WatchKit Extension.appex in Embed App Extensions */ = {isa = PBXBuildFile; fileRef = 455CF57226014DBF00DE17D4 /* AmoroApp WatchKit Extension.appex */; settings = {ATTRIBUTES = (RemoveHeadersOnCopy, ); }; };
		455CF57826014DBF00DE17D4 /* AmoroAppApp.swift in Sources */ = {isa = PBXBuildFile; fileRef = 455CF57726014DBF00DE17D4 /* AmoroAppApp.swift */; };
		455CF57C26014DBF00DE17D4 /* NotificationController.swift in Sources */ = {isa = PBXBuildFile; fileRef = 455CF57B26014DBF00DE17D4 /* NotificationController.swift */; };
		455CF57E26014DBF00DE17D4 /* NotificationView.swift in Sources */ = {isa = PBXBuildFile; fileRef = 455CF57D26014DBF00DE17D4 /* NotificationView.swift */; };
		455CF58026014DBF00DE17D4 /* ComplicationController.swift in Sources */ = {isa = PBXBuildFile; fileRef = 455CF57F26014DBF00DE17D4 /* ComplicationController.swift */; };
		455CF58226014DBF00DE17D4 /* Assets.xcassets in Resources */ = {isa = PBXBuildFile; fileRef = 455CF58126014DBF00DE17D4 /* Assets.xcassets */; };
		455CF58526014DBF00DE17D4 /* Preview Assets.xcassets in Resources */ = {isa = PBXBuildFile; fileRef = 455CF58426014DBF00DE17D4 /* Preview Assets.xcassets */; };
		5C2F7630270B8E7600C98BED /* SendView.swift in Sources */ = {isa = PBXBuildFile; fileRef = 5C2F762F270B8E7600C98BED /* SendView.swift */; };
		5C2F7636270CE21B00C98BED /* CloudKit.framework in Frameworks */ = {isa = PBXBuildFile; fileRef = 5C2F7635270CE21B00C98BED /* CloudKit.framework */; };
		5C88EFE12601533700045C4D /* CoupleRoom.swift in Sources */ = {isa = PBXBuildFile; fileRef = 5C88EFDD2601533700045C4D /* CoupleRoom.swift */; };
		5C88EFE22601533700045C4D /* Categories.swift in Sources */ = {isa = PBXBuildFile; fileRef = 5C88EFDE2601533700045C4D /* Categories.swift */; };
		5C88EFE32601533700045C4D /* Message.swift in Sources */ = {isa = PBXBuildFile; fileRef = 5C88EFDF2601533700045C4D /* Message.swift */; };
		5C88EFE42601533700045C4D /* Posts.swift in Sources */ = {isa = PBXBuildFile; fileRef = 5C88EFE02601533700045C4D /* Posts.swift */; };
		5C88EFEF2601534600045C4D /* SF-Compact-Rounded-Medium.otf in Resources */ = {isa = PBXBuildFile; fileRef = 5C88EFE92601534600045C4D /* SF-Compact-Rounded-Medium.otf */; };
		5C88EFF02601534600045C4D /* SF-Compact-Rounded-Medium.otf in Resources */ = {isa = PBXBuildFile; fileRef = 5C88EFE92601534600045C4D /* SF-Compact-Rounded-Medium.otf */; };
		5C88EFF12601534600045C4D /* SF-Compact-Rounded-Medium.otf in Resources */ = {isa = PBXBuildFile; fileRef = 5C88EFE92601534600045C4D /* SF-Compact-Rounded-Medium.otf */; };
		5C88EFF22601534600045C4D /* FontsFree-Net-SF-Compact-Rounded-Medium.ttf in Resources */ = {isa = PBXBuildFile; fileRef = 5C88EFEA2601534600045C4D /* FontsFree-Net-SF-Compact-Rounded-Medium.ttf */; };
		5C88EFF32601534600045C4D /* FontsFree-Net-SF-Compact-Rounded-Medium.ttf in Resources */ = {isa = PBXBuildFile; fileRef = 5C88EFEA2601534600045C4D /* FontsFree-Net-SF-Compact-Rounded-Medium.ttf */; };
		5C88EFF42601534600045C4D /* FontsFree-Net-SF-Compact-Rounded-Medium.ttf in Resources */ = {isa = PBXBuildFile; fileRef = 5C88EFEA2601534600045C4D /* FontsFree-Net-SF-Compact-Rounded-Medium.ttf */; };
		5C88EFF52601534600045C4D /* SF-Compact-Rounded-Regular.otf in Resources */ = {isa = PBXBuildFile; fileRef = 5C88EFEB2601534600045C4D /* SF-Compact-Rounded-Regular.otf */; };
		5C88EFF62601534600045C4D /* SF-Compact-Rounded-Regular.otf in Resources */ = {isa = PBXBuildFile; fileRef = 5C88EFEB2601534600045C4D /* SF-Compact-Rounded-Regular.otf */; };
		5C88EFF72601534600045C4D /* SF-Compact-Rounded-Regular.otf in Resources */ = {isa = PBXBuildFile; fileRef = 5C88EFEB2601534600045C4D /* SF-Compact-Rounded-Regular.otf */; };
		5C88EFF82601534600045C4D /* SF-Compact-Rounded-Semibold.otf in Resources */ = {isa = PBXBuildFile; fileRef = 5C88EFEC2601534600045C4D /* SF-Compact-Rounded-Semibold.otf */; };
		5C88EFF92601534600045C4D /* SF-Compact-Rounded-Semibold.otf in Resources */ = {isa = PBXBuildFile; fileRef = 5C88EFEC2601534600045C4D /* SF-Compact-Rounded-Semibold.otf */; };
		5C88EFFA2601534600045C4D /* SF-Compact-Rounded-Semibold.otf in Resources */ = {isa = PBXBuildFile; fileRef = 5C88EFEC2601534600045C4D /* SF-Compact-Rounded-Semibold.otf */; };
		5C88EFFB2601534600045C4D /* SF-Compact-Rounded-Bold.otf in Resources */ = {isa = PBXBuildFile; fileRef = 5C88EFED2601534600045C4D /* SF-Compact-Rounded-Bold.otf */; };
		5C88EFFC2601534600045C4D /* SF-Compact-Rounded-Bold.otf in Resources */ = {isa = PBXBuildFile; fileRef = 5C88EFED2601534600045C4D /* SF-Compact-Rounded-Bold.otf */; };
		5C88EFFD2601534600045C4D /* SF-Compact-Rounded-Bold.otf in Resources */ = {isa = PBXBuildFile; fileRef = 5C88EFED2601534600045C4D /* SF-Compact-Rounded-Bold.otf */; };
		5C88EFFE2601534600045C4D /* SFCompactRounded.ttf in Resources */ = {isa = PBXBuildFile; fileRef = 5C88EFEE2601534600045C4D /* SFCompactRounded.ttf */; };
		5C88EFFF2601534600045C4D /* SFCompactRounded.ttf in Resources */ = {isa = PBXBuildFile; fileRef = 5C88EFEE2601534600045C4D /* SFCompactRounded.ttf */; };
		5C88F0002601534600045C4D /* SFCompactRounded.ttf in Resources */ = {isa = PBXBuildFile; fileRef = 5C88EFEE2601534600045C4D /* SFCompactRounded.ttf */; };
		5C88F00E260153B400045C4D /* CodeLoginView.swift in Sources */ = {isa = PBXBuildFile; fileRef = 5C88F00D260153B400045C4D /* CodeLoginView.swift */; };
		5C88F013260153CB00045C4D /* PairedView.swift in Sources */ = {isa = PBXBuildFile; fileRef = 5C88F012260153CB00045C4D /* PairedView.swift */; };
		5C88F01A260153DA00045C4D /* rowListView.swift in Sources */ = {isa = PBXBuildFile; fileRef = 5C88F018260153DA00045C4D /* rowListView.swift */; };
		5C88F01B260153DA00045C4D /* MessageSelectionView.swift in Sources */ = {isa = PBXBuildFile; fileRef = 5C88F019260153DA00045C4D /* MessageSelectionView.swift */; };
		5C88F030260153F900045C4D /* CategoryFramePurple.swift in Sources */ = {isa = PBXBuildFile; fileRef = 5C88F02D260153F900045C4D /* CategoryFramePurple.swift */; };
		5C88F031260153F900045C4D /* MenuCategoryView.swift in Sources */ = {isa = PBXBuildFile; fileRef = 5C88F02E260153F900045C4D /* MenuCategoryView.swift */; };
		5C88F032260153F900045C4D /* CategoryFramePink.swift in Sources */ = {isa = PBXBuildFile; fileRef = 5C88F02F260153F900045C4D /* CategoryFramePink.swift */; };
		5C88F0372601540700045C4D /* ContentViewFinal.swift in Sources */ = {isa = PBXBuildFile; fileRef = 5C88F0362601540700045C4D /* ContentViewFinal.swift */; };
/* End PBXBuildFile section */

/* Begin PBXContainerItemProxy section */
		455CF56826014DBC00DE17D4 /* PBXContainerItemProxy */ = {
			isa = PBXContainerItemProxy;
			containerPortal = 455CF55C26014DBC00DE17D4 /* Project object */;
			proxyType = 1;
			remoteGlobalIDString = 455CF56526014DBC00DE17D4;
			remoteInfo = "AmoroApp WatchKit App";
		};
		455CF57426014DBF00DE17D4 /* PBXContainerItemProxy */ = {
			isa = PBXContainerItemProxy;
			containerPortal = 455CF55C26014DBC00DE17D4 /* Project object */;
			proxyType = 1;
			remoteGlobalIDString = 455CF57126014DBF00DE17D4;
			remoteInfo = "AmoroApp WatchKit Extension";
		};
/* End PBXContainerItemProxy section */

/* Begin PBXCopyFilesBuildPhase section */
		455CF58D26014DBF00DE17D4 /* Embed App Extensions */ = {
			isa = PBXCopyFilesBuildPhase;
			buildActionMask = 2147483647;
			dstPath = "";
			dstSubfolderSpec = 13;
			files = (
				455CF57326014DBF00DE17D4 /* AmoroApp WatchKit Extension.appex in Embed App Extensions */,
			);
			name = "Embed App Extensions";
			runOnlyForDeploymentPostprocessing = 0;
		};
		455CF59126014DBF00DE17D4 /* Embed Watch Content */ = {
			isa = PBXCopyFilesBuildPhase;
			buildActionMask = 2147483647;
			dstPath = "$(CONTENTS_FOLDER_PATH)/Watch";
			dstSubfolderSpec = 16;
			files = (
				455CF56726014DBC00DE17D4 /* AmoroApp WatchKit App.app in Embed Watch Content */,
			);
			name = "Embed Watch Content";
			runOnlyForDeploymentPostprocessing = 0;
		};
/* End PBXCopyFilesBuildPhase section */

/* Begin PBXFileReference section */
		455CF56226014DBC00DE17D4 /* AmoroApp.app */ = {isa = PBXFileReference; explicitFileType = wrapper.application; includeInIndex = 0; path = AmoroApp.app; sourceTree = BUILT_PRODUCTS_DIR; };
		455CF56626014DBC00DE17D4 /* AmoroApp WatchKit App.app */ = {isa = PBXFileReference; explicitFileType = wrapper.application; includeInIndex = 0; path = "AmoroApp WatchKit App.app"; sourceTree = BUILT_PRODUCTS_DIR; };
		455CF56B26014DBE00DE17D4 /* Assets.xcassets */ = {isa = PBXFileReference; lastKnownFileType = folder.assetcatalog; path = Assets.xcassets; sourceTree = "<group>"; };
		455CF56D26014DBE00DE17D4 /* Info.plist */ = {isa = PBXFileReference; lastKnownFileType = text.plist.xml; path = Info.plist; sourceTree = "<group>"; };
		455CF57226014DBF00DE17D4 /* AmoroApp WatchKit Extension.appex */ = {isa = PBXFileReference; explicitFileType = "wrapper.app-extension"; includeInIndex = 0; path = "AmoroApp WatchKit Extension.appex"; sourceTree = BUILT_PRODUCTS_DIR; };
		455CF57726014DBF00DE17D4 /* AmoroAppApp.swift */ = {isa = PBXFileReference; lastKnownFileType = sourcecode.swift; path = AmoroAppApp.swift; sourceTree = "<group>"; };
		455CF57B26014DBF00DE17D4 /* NotificationController.swift */ = {isa = PBXFileReference; lastKnownFileType = sourcecode.swift; path = NotificationController.swift; sourceTree = "<group>"; };
		455CF57D26014DBF00DE17D4 /* NotificationView.swift */ = {isa = PBXFileReference; lastKnownFileType = sourcecode.swift; path = NotificationView.swift; sourceTree = "<group>"; };
		455CF57F26014DBF00DE17D4 /* ComplicationController.swift */ = {isa = PBXFileReference; lastKnownFileType = sourcecode.swift; path = ComplicationController.swift; sourceTree = "<group>"; };
		455CF58126014DBF00DE17D4 /* Assets.xcassets */ = {isa = PBXFileReference; lastKnownFileType = folder.assetcatalog; path = Assets.xcassets; sourceTree = "<group>"; };
		455CF58426014DBF00DE17D4 /* Preview Assets.xcassets */ = {isa = PBXFileReference; lastKnownFileType = folder.assetcatalog; path = "Preview Assets.xcassets"; sourceTree = "<group>"; };
		455CF58626014DBF00DE17D4 /* Info.plist */ = {isa = PBXFileReference; lastKnownFileType = text.plist.xml; path = Info.plist; sourceTree = "<group>"; };
		455CF58726014DBF00DE17D4 /* PushNotificationPayload.apns */ = {isa = PBXFileReference; lastKnownFileType = text; path = PushNotificationPayload.apns; sourceTree = "<group>"; };
		5C2F762F270B8E7600C98BED /* SendView.swift */ = {isa = PBXFileReference; fileEncoding = 4; lastKnownFileType = sourcecode.swift; path = SendView.swift; sourceTree = "<group>"; };
		5C2F7633270CE21200C98BED /* AmoroApp WatchKit Extension.entitlements */ = {isa = PBXFileReference; lastKnownFileType = text.plist.entitlements; path = "AmoroApp WatchKit Extension.entitlements"; sourceTree = "<group>"; };
		5C2F7635270CE21B00C98BED /* CloudKit.framework */ = {isa = PBXFileReference; lastKnownFileType = wrapper.framework; name = CloudKit.framework; path = Platforms/WatchOS.platform/Developer/SDKs/WatchOS8.0.sdk/System/Library/Frameworks/CloudKit.framework; sourceTree = DEVELOPER_DIR; };
		5C88EFDD2601533700045C4D /* CoupleRoom.swift */ = {isa = PBXFileReference; fileEncoding = 4; lastKnownFileType = sourcecode.swift; path = CoupleRoom.swift; sourceTree = "<group>"; };
		5C88EFDE2601533700045C4D /* Categories.swift */ = {isa = PBXFileReference; fileEncoding = 4; lastKnownFileType = sourcecode.swift; path = Categories.swift; sourceTree = "<group>"; };
		5C88EFDF2601533700045C4D /* Message.swift */ = {isa = PBXFileReference; fileEncoding = 4; lastKnownFileType = sourcecode.swift; path = Message.swift; sourceTree = "<group>"; };
		5C88EFE02601533700045C4D /* Posts.swift */ = {isa = PBXFileReference; fileEncoding = 4; lastKnownFileType = sourcecode.swift; path = Posts.swift; sourceTree = "<group>"; };
		5C88EFE92601534600045C4D /* SF-Compact-Rounded-Medium.otf */ = {isa = PBXFileReference; lastKnownFileType = file; path = "SF-Compact-Rounded-Medium.otf"; sourceTree = "<group>"; };
		5C88EFEA2601534600045C4D /* FontsFree-Net-SF-Compact-Rounded-Medium.ttf */ = {isa = PBXFileReference; lastKnownFileType = file; path = "FontsFree-Net-SF-Compact-Rounded-Medium.ttf"; sourceTree = "<group>"; };
		5C88EFEB2601534600045C4D /* SF-Compact-Rounded-Regular.otf */ = {isa = PBXFileReference; lastKnownFileType = file; path = "SF-Compact-Rounded-Regular.otf"; sourceTree = "<group>"; };
		5C88EFEC2601534600045C4D /* SF-Compact-Rounded-Semibold.otf */ = {isa = PBXFileReference; lastKnownFileType = file; path = "SF-Compact-Rounded-Semibold.otf"; sourceTree = "<group>"; };
		5C88EFED2601534600045C4D /* SF-Compact-Rounded-Bold.otf */ = {isa = PBXFileReference; lastKnownFileType = file; path = "SF-Compact-Rounded-Bold.otf"; sourceTree = "<group>"; };
		5C88EFEE2601534600045C4D /* SFCompactRounded.ttf */ = {isa = PBXFileReference; lastKnownFileType = file; path = SFCompactRounded.ttf; sourceTree = "<group>"; };
		5C88F00D260153B400045C4D /* CodeLoginView.swift */ = {isa = PBXFileReference; fileEncoding = 4; lastKnownFileType = sourcecode.swift; path = CodeLoginView.swift; sourceTree = "<group>"; };
		5C88F012260153CB00045C4D /* PairedView.swift */ = {isa = PBXFileReference; fileEncoding = 4; lastKnownFileType = sourcecode.swift; path = PairedView.swift; sourceTree = "<group>"; };
		5C88F018260153DA00045C4D /* rowListView.swift */ = {isa = PBXFileReference; fileEncoding = 4; lastKnownFileType = sourcecode.swift; path = rowListView.swift; sourceTree = "<group>"; };
		5C88F019260153DA00045C4D /* MessageSelectionView.swift */ = {isa = PBXFileReference; fileEncoding = 4; lastKnownFileType = sourcecode.swift; path = MessageSelectionView.swift; sourceTree = "<group>"; };
		5C88F02D260153F900045C4D /* CategoryFramePurple.swift */ = {isa = PBXFileReference; fileEncoding = 4; lastKnownFileType = sourcecode.swift; path = CategoryFramePurple.swift; sourceTree = "<group>"; };
		5C88F02E260153F900045C4D /* MenuCategoryView.swift */ = {isa = PBXFileReference; fileEncoding = 4; lastKnownFileType = sourcecode.swift; path = MenuCategoryView.swift; sourceTree = "<group>"; };
		5C88F02F260153F900045C4D /* CategoryFramePink.swift */ = {isa = PBXFileReference; fileEncoding = 4; lastKnownFileType = sourcecode.swift; path = CategoryFramePink.swift; sourceTree = "<group>"; };
		5C88F0362601540700045C4D /* ContentViewFinal.swift */ = {isa = PBXFileReference; fileEncoding = 4; lastKnownFileType = sourcecode.swift; path = ContentViewFinal.swift; sourceTree = "<group>"; };
/* End PBXFileReference section */

/* Begin PBXFrameworksBuildPhase section */
		455CF56F26014DBF00DE17D4 /* Frameworks */ = {
			isa = PBXFrameworksBuildPhase;
			buildActionMask = 2147483647;
			files = (
				5C2F7636270CE21B00C98BED /* CloudKit.framework in Frameworks */,
			);
			runOnlyForDeploymentPostprocessing = 0;
		};
/* End PBXFrameworksBuildPhase section */

/* Begin PBXGroup section */
		455CF55B26014DBC00DE17D4 = {
			isa = PBXGroup;
			children = (
				455CF56A26014DBC00DE17D4 /* AmoroApp WatchKit App */,
				455CF57626014DBF00DE17D4 /* AmoroApp WatchKit Extension */,
				455CF56326014DBC00DE17D4 /* Products */,
				5C2F7634270CE21B00C98BED /* Frameworks */,
			);
			sourceTree = "<group>";
		};
		455CF56326014DBC00DE17D4 /* Products */ = {
			isa = PBXGroup;
			children = (
				455CF56226014DBC00DE17D4 /* AmoroApp.app */,
				455CF56626014DBC00DE17D4 /* AmoroApp WatchKit App.app */,
				455CF57226014DBF00DE17D4 /* AmoroApp WatchKit Extension.appex */,
			);
			name = Products;
			sourceTree = "<group>";
		};
		455CF56A26014DBC00DE17D4 /* AmoroApp WatchKit App */ = {
			isa = PBXGroup;
			children = (
				455CF56B26014DBE00DE17D4 /* Assets.xcassets */,
				455CF56D26014DBE00DE17D4 /* Info.plist */,
			);
			path = "AmoroApp WatchKit App";
			sourceTree = "<group>";
		};
		455CF57626014DBF00DE17D4 /* AmoroApp WatchKit Extension */ = {
			isa = PBXGroup;
			children = (
				5CEC4CBA270E1CF00044DEB2 /* App */,
				5CEC4CA6270E18E50044DEB2 /* Scenes */,
				5C2F7633270CE21200C98BED /* AmoroApp WatchKit Extension.entitlements */,
				5CEC4CB9270E1CB10044DEB2 /* Compliacations */,
				5C88EFE82601534600045C4D /* Font */,
				5C88EFDC2601533700045C4D /* Service */,
				455CF58126014DBF00DE17D4 /* Assets.xcassets */,
				455CF58626014DBF00DE17D4 /* Info.plist */,
				455CF58726014DBF00DE17D4 /* PushNotificationPayload.apns */,
				455CF58326014DBF00DE17D4 /* Preview Content */,
			);
			path = "AmoroApp WatchKit Extension";
			sourceTree = "<group>";
		};
		455CF58326014DBF00DE17D4 /* Preview Content */ = {
			isa = PBXGroup;
			children = (
				455CF58426014DBF00DE17D4 /* Preview Assets.xcassets */,
			);
			path = "Preview Content";
			sourceTree = "<group>";
		};
		5C2F7634270CE21B00C98BED /* Frameworks */ = {
			isa = PBXGroup;
			children = (
				5C2F7635270CE21B00C98BED /* CloudKit.framework */,
			);
			name = Frameworks;
			sourceTree = "<group>";
		};
		5C88EFDC2601533700045C4D /* Service */ = {
			isa = PBXGroup;
			children = (
				455CF57B26014DBF00DE17D4 /* NotificationController.swift */,
				455CF57D26014DBF00DE17D4 /* NotificationView.swift */,
				5C88EFDD2601533700045C4D /* CoupleRoom.swift */,
				5C88EFDF2601533700045C4D /* Message.swift */,
			);
			path = Service;
			sourceTree = "<group>";
		};
		5C88EFE82601534600045C4D /* Font */ = {
			isa = PBXGroup;
			children = (
				5C88EFE92601534600045C4D /* SF-Compact-Rounded-Medium.otf */,
				5C88EFEA2601534600045C4D /* FontsFree-Net-SF-Compact-Rounded-Medium.ttf */,
				5C88EFEB2601534600045C4D /* SF-Compact-Rounded-Regular.otf */,
				5C88EFEC2601534600045C4D /* SF-Compact-Rounded-Semibold.otf */,
				5C88EFED2601534600045C4D /* SF-Compact-Rounded-Bold.otf */,
				5C88EFEE2601534600045C4D /* SFCompactRounded.ttf */,
			);
			path = Font;
			sourceTree = "<group>";
		};
		5C88F017260153DA00045C4D /* MessageSelector */ = {
			isa = PBXGroup;
			children = (
				5CEC4CAC270E1A290044DEB2 /* ViewModel */,
				5CEC4CAB270E1A230044DEB2 /* Model */,
				5CEC4CAA270E1A1B0044DEB2 /* View */,
			);
			path = MessageSelector;
			sourceTree = "<group>";
		};
		5C88F02C260153F900045C4D /* CategoriesMenu */ = {
			isa = PBXGroup;
			children = (
				5CEC4CA9270E19C30044DEB2 /* View */,
				5CEC4CA8270E19AD0044DEB2 /* ViewModel */,
				5CEC4CA7270E19420044DEB2 /* Model */,
			);
			path = CategoriesMenu;
			sourceTree = "<group>";
		};
		5CEC4CA6270E18E50044DEB2 /* Scenes */ = {
			isa = PBXGroup;
			children = (
				5CEC4CBB270E1D010044DEB2 /* CodeLogin */,
				5CEC4CAD270E1AAE0044DEB2 /* Paired */,
				5C88F02C260153F900045C4D /* CategoriesMenu */,
				5C88F017260153DA00045C4D /* MessageSelector */,
				5CEC4CB5270E1C5A0044DEB2 /* AmoroSelector */,
				5CEC4CB1270E1BC60044DEB2 /* Sended */,
			);
			path = Scenes;
			sourceTree = "<group>";
		};
		5CEC4CA7270E19420044DEB2 /* Model */ = {
			isa = PBXGroup;
			children = (
				5C88EFDE2601533700045C4D /* Categories.swift */,
			);
			path = Model;
			sourceTree = "<group>";
		};
		5CEC4CA8270E19AD0044DEB2 /* ViewModel */ = {
			isa = PBXGroup;
			children = (
			);
			path = ViewModel;
			sourceTree = "<group>";
		};
		5CEC4CA9270E19C30044DEB2 /* View */ = {
			isa = PBXGroup;
			children = (
				5C88F02D260153F900045C4D /* CategoryFramePurple.swift */,
				5C88F02E260153F900045C4D /* MenuCategoryView.swift */,
				5C88F02F260153F900045C4D /* CategoryFramePink.swift */,
			);
			path = View;
			sourceTree = "<group>";
		};
		5CEC4CAA270E1A1B0044DEB2 /* View */ = {
			isa = PBXGroup;
			children = (
				5C88F018260153DA00045C4D /* rowListView.swift */,
				5C88F019260153DA00045C4D /* MessageSelectionView.swift */,
			);
			path = View;
			sourceTree = "<group>";
		};
		5CEC4CAB270E1A230044DEB2 /* Model */ = {
			isa = PBXGroup;
			children = (
				5C88EFE02601533700045C4D /* Posts.swift */,
			);
			path = Model;
			sourceTree = "<group>";
		};
		5CEC4CAC270E1A290044DEB2 /* ViewModel */ = {
			isa = PBXGroup;
			children = (
			);
			path = ViewModel;
			sourceTree = "<group>";
		};
		5CEC4CAD270E1AAE0044DEB2 /* Paired */ = {
			isa = PBXGroup;
			children = (
				5CEC4CB0270E1B430044DEB2 /* ViewModel */,
				5CEC4CAF270E1B3C0044DEB2 /* Model */,
				5CEC4CAE270E1B340044DEB2 /* View */,
			);
			path = Paired;
			sourceTree = "<group>";
		};
		5CEC4CAE270E1B340044DEB2 /* View */ = {
			isa = PBXGroup;
			children = (
				5C88F012260153CB00045C4D /* PairedView.swift */,
			);
			path = View;
			sourceTree = "<group>";
		};
		5CEC4CAF270E1B3C0044DEB2 /* Model */ = {
			isa = PBXGroup;
			children = (
			);
			path = Model;
			sourceTree = "<group>";
		};
		5CEC4CB0270E1B430044DEB2 /* ViewModel */ = {
			isa = PBXGroup;
			children = (
			);
			path = ViewModel;
			sourceTree = "<group>";
		};
		5CEC4CB1270E1BC60044DEB2 /* Sended */ = {
			isa = PBXGroup;
			children = (
				5CEC4CB4270E1C2A0044DEB2 /* ModelView */,
				5CEC4CB3270E1C220044DEB2 /* Model */,
				5CEC4CB2270E1C180044DEB2 /* View */,
			);
			path = Sended;
			sourceTree = "<group>";
		};
		5CEC4CB2270E1C180044DEB2 /* View */ = {
			isa = PBXGroup;
			children = (
				5C2F762F270B8E7600C98BED /* SendView.swift */,
			);
			path = View;
			sourceTree = "<group>";
		};
		5CEC4CB3270E1C220044DEB2 /* Model */ = {
			isa = PBXGroup;
			children = (
			);
			path = Model;
			sourceTree = "<group>";
		};
		5CEC4CB4270E1C2A0044DEB2 /* ModelView */ = {
			isa = PBXGroup;
			children = (
			);
			path = ModelView;
			sourceTree = "<group>";
		};
		5CEC4CB5270E1C5A0044DEB2 /* AmoroSelector */ = {
			isa = PBXGroup;
			children = (
				5CEC4CB8270E1C860044DEB2 /* ModelView */,
				5CEC4CB7270E1C6B0044DEB2 /* View */,
				5CEC4CB6270E1C650044DEB2 /* Model */,
			);
			path = AmoroSelector;
			sourceTree = "<group>";
		};
		5CEC4CB6270E1C650044DEB2 /* Model */ = {
			isa = PBXGroup;
			children = (
			);
			path = Model;
			sourceTree = "<group>";
		};
		5CEC4CB7270E1C6B0044DEB2 /* View */ = {
			isa = PBXGroup;
			children = (
				5C88F0362601540700045C4D /* ContentViewFinal.swift */,
			);
			path = View;
			sourceTree = "<group>";
		};
		5CEC4CB8270E1C860044DEB2 /* ModelView */ = {
			isa = PBXGroup;
			children = (
			);
			path = ModelView;
			sourceTree = "<group>";
		};
		5CEC4CB9270E1CB10044DEB2 /* Compliacations */ = {
			isa = PBXGroup;
			children = (
				455CF57F26014DBF00DE17D4 /* ComplicationController.swift */,
			);
			path = Compliacations;
			sourceTree = "<group>";
		};
		5CEC4CBA270E1CF00044DEB2 /* App */ = {
			isa = PBXGroup;
			children = (
				455CF57726014DBF00DE17D4 /* AmoroAppApp.swift */,
			);
			path = App;
			sourceTree = "<group>";
		};
		5CEC4CBB270E1D010044DEB2 /* CodeLogin */ = {
			isa = PBXGroup;
			children = (
				5CEC4CBE270E1D2C0044DEB2 /* ViewModel */,
				5CEC4CBD270E1D270044DEB2 /* View */,
				5CEC4CBC270E1D180044DEB2 /* Model */,
			);
			path = CodeLogin;
			sourceTree = "<group>";
		};
		5CEC4CBC270E1D180044DEB2 /* Model */ = {
			isa = PBXGroup;
			children = (
			);
			path = Model;
			sourceTree = "<group>";
		};
		5CEC4CBD270E1D270044DEB2 /* View */ = {
			isa = PBXGroup;
			children = (
				5C88F00D260153B400045C4D /* CodeLoginView.swift */,
			);
			path = View;
			sourceTree = "<group>";
		};
		5CEC4CBE270E1D2C0044DEB2 /* ViewModel */ = {
			isa = PBXGroup;
			children = (
			);
			path = ViewModel;
			sourceTree = "<group>";
		};
/* End PBXGroup section */

/* Begin PBXNativeTarget section */
		455CF56126014DBC00DE17D4 /* AmoroApp */ = {
			isa = PBXNativeTarget;
			buildConfigurationList = 455CF59226014DBF00DE17D4 /* Build configuration list for PBXNativeTarget "AmoroApp" */;
			buildPhases = (
				455CF56026014DBC00DE17D4 /* Resources */,
				455CF59126014DBF00DE17D4 /* Embed Watch Content */,
			);
			buildRules = (
			);
			dependencies = (
				455CF56926014DBC00DE17D4 /* PBXTargetDependency */,
			);
			name = AmoroApp;
			productName = AmoroApp;
			productReference = 455CF56226014DBC00DE17D4 /* AmoroApp.app */;
			productType = "com.apple.product-type.application.watchapp2-container";
		};
		455CF56526014DBC00DE17D4 /* AmoroApp WatchKit App */ = {
			isa = PBXNativeTarget;
			buildConfigurationList = 455CF58E26014DBF00DE17D4 /* Build configuration list for PBXNativeTarget "AmoroApp WatchKit App" */;
			buildPhases = (
				455CF56426014DBC00DE17D4 /* Resources */,
				455CF58D26014DBF00DE17D4 /* Embed App Extensions */,
			);
			buildRules = (
			);
			dependencies = (
				455CF57526014DBF00DE17D4 /* PBXTargetDependency */,
			);
			name = "AmoroApp WatchKit App";
			productName = "AmoroApp WatchKit App";
			productReference = 455CF56626014DBC00DE17D4 /* AmoroApp WatchKit App.app */;
			productType = "com.apple.product-type.application.watchapp2";
		};
		455CF57126014DBF00DE17D4 /* AmoroApp WatchKit Extension */ = {
			isa = PBXNativeTarget;
			buildConfigurationList = 455CF58A26014DBF00DE17D4 /* Build configuration list for PBXNativeTarget "AmoroApp WatchKit Extension" */;
			buildPhases = (
				455CF56E26014DBF00DE17D4 /* Sources */,
				455CF56F26014DBF00DE17D4 /* Frameworks */,
				455CF57026014DBF00DE17D4 /* Resources */,
			);
			buildRules = (
			);
			dependencies = (
			);
			name = "AmoroApp WatchKit Extension";
			productName = "AmoroApp WatchKit Extension";
			productReference = 455CF57226014DBF00DE17D4 /* AmoroApp WatchKit Extension.appex */;
			productType = "com.apple.product-type.watchkit2-extension";
		};
/* End PBXNativeTarget section */

/* Begin PBXProject section */
		455CF55C26014DBC00DE17D4 /* Project object */ = {
			isa = PBXProject;
			attributes = {
				LastSwiftUpdateCheck = 1240;
				LastUpgradeCheck = 1240;
				TargetAttributes = {
					455CF56126014DBC00DE17D4 = {
						CreatedOnToolsVersion = 12.4;
						LastSwiftMigration = 1240;
					};
					455CF56526014DBC00DE17D4 = {
						CreatedOnToolsVersion = 12.4;
						LastSwiftMigration = 1240;
					};
					455CF57126014DBF00DE17D4 = {
						CreatedOnToolsVersion = 12.4;
					};
				};
			};
			buildConfigurationList = 455CF55F26014DBC00DE17D4 /* Build configuration list for PBXProject "AmoroApp" */;
			compatibilityVersion = "Xcode 9.3";
			developmentRegion = en;
			hasScannedForEncodings = 0;
			knownRegions = (
				en,
				Base,
			);
			mainGroup = 455CF55B26014DBC00DE17D4;
			productRefGroup = 455CF56326014DBC00DE17D4 /* Products */;
			projectDirPath = "";
			projectRoot = "";
			targets = (
				455CF56126014DBC00DE17D4 /* AmoroApp */,
				455CF56526014DBC00DE17D4 /* AmoroApp WatchKit App */,
				455CF57126014DBF00DE17D4 /* AmoroApp WatchKit Extension */,
			);
		};
/* End PBXProject section */

/* Begin PBXResourcesBuildPhase section */
		455CF56026014DBC00DE17D4 /* Resources */ = {
			isa = PBXResourcesBuildPhase;
			buildActionMask = 2147483647;
			files = (
				5C88EFEF2601534600045C4D /* SF-Compact-Rounded-Medium.otf in Resources */,
				5C88EFFB2601534600045C4D /* SF-Compact-Rounded-Bold.otf in Resources */,
				5C88EFF82601534600045C4D /* SF-Compact-Rounded-Semibold.otf in Resources */,
				5C88EFF52601534600045C4D /* SF-Compact-Rounded-Regular.otf in Resources */,
				5C88EFF22601534600045C4D /* FontsFree-Net-SF-Compact-Rounded-Medium.ttf in Resources */,
				5C88EFFE2601534600045C4D /* SFCompactRounded.ttf in Resources */,
			);
			runOnlyForDeploymentPostprocessing = 0;
		};
		455CF56426014DBC00DE17D4 /* Resources */ = {
			isa = PBXResourcesBuildPhase;
			buildActionMask = 2147483647;
			files = (
				5C88EFF32601534600045C4D /* FontsFree-Net-SF-Compact-Rounded-Medium.ttf in Resources */,
				455CF56C26014DBE00DE17D4 /* Assets.xcassets in Resources */,
				5C88EFF92601534600045C4D /* SF-Compact-Rounded-Semibold.otf in Resources */,
				5C88EFFC2601534600045C4D /* SF-Compact-Rounded-Bold.otf in Resources */,
				5C88EFFF2601534600045C4D /* SFCompactRounded.ttf in Resources */,
				5C88EFF02601534600045C4D /* SF-Compact-Rounded-Medium.otf in Resources */,
				5C88EFF62601534600045C4D /* SF-Compact-Rounded-Regular.otf in Resources */,
			);
			runOnlyForDeploymentPostprocessing = 0;
		};
		455CF57026014DBF00DE17D4 /* Resources */ = {
			isa = PBXResourcesBuildPhase;
			buildActionMask = 2147483647;
			files = (
				5C88EFF12601534600045C4D /* SF-Compact-Rounded-Medium.otf in Resources */,
				5C88F0002601534600045C4D /* SFCompactRounded.ttf in Resources */,
				5C88EFF72601534600045C4D /* SF-Compact-Rounded-Regular.otf in Resources */,
				5C88EFF42601534600045C4D /* FontsFree-Net-SF-Compact-Rounded-Medium.ttf in Resources */,
				5C88EFFA2601534600045C4D /* SF-Compact-Rounded-Semibold.otf in Resources */,
				455CF58526014DBF00DE17D4 /* Preview Assets.xcassets in Resources */,
				5C88EFFD2601534600045C4D /* SF-Compact-Rounded-Bold.otf in Resources */,
				455CF58226014DBF00DE17D4 /* Assets.xcassets in Resources */,
			);
			runOnlyForDeploymentPostprocessing = 0;
		};
/* End PBXResourcesBuildPhase section */

/* Begin PBXSourcesBuildPhase section */
		455CF56E26014DBF00DE17D4 /* Sources */ = {
			isa = PBXSourcesBuildPhase;
			buildActionMask = 2147483647;
			files = (
				5C88EFE12601533700045C4D /* CoupleRoom.swift in Sources */,
				5C88F00E260153B400045C4D /* CodeLoginView.swift in Sources */,
				5C2F7630270B8E7600C98BED /* SendView.swift in Sources */,
				5C88EFE22601533700045C4D /* Categories.swift in Sources */,
				5C88F01A260153DA00045C4D /* rowListView.swift in Sources */,
				455CF57C26014DBF00DE17D4 /* NotificationController.swift in Sources */,
				5C88F013260153CB00045C4D /* PairedView.swift in Sources */,
				455CF58026014DBF00DE17D4 /* ComplicationController.swift in Sources */,
				5C88EFE32601533700045C4D /* Message.swift in Sources */,
				5C88F0372601540700045C4D /* ContentViewFinal.swift in Sources */,
				455CF57826014DBF00DE17D4 /* AmoroAppApp.swift in Sources */,
				5C88EFE42601533700045C4D /* Posts.swift in Sources */,
				455CF57E26014DBF00DE17D4 /* NotificationView.swift in Sources */,
				5C88F030260153F900045C4D /* CategoryFramePurple.swift in Sources */,
				5C88F01B260153DA00045C4D /* MessageSelectionView.swift in Sources */,
				5C88F032260153F900045C4D /* CategoryFramePink.swift in Sources */,
				5C88F031260153F900045C4D /* MenuCategoryView.swift in Sources */,
			);
			runOnlyForDeploymentPostprocessing = 0;
		};
/* End PBXSourcesBuildPhase section */

/* Begin PBXTargetDependency section */
		455CF56926014DBC00DE17D4 /* PBXTargetDependency */ = {
			isa = PBXTargetDependency;
			target = 455CF56526014DBC00DE17D4 /* AmoroApp WatchKit App */;
			targetProxy = 455CF56826014DBC00DE17D4 /* PBXContainerItemProxy */;
		};
		455CF57526014DBF00DE17D4 /* PBXTargetDependency */ = {
			isa = PBXTargetDependency;
			target = 455CF57126014DBF00DE17D4 /* AmoroApp WatchKit Extension */;
			targetProxy = 455CF57426014DBF00DE17D4 /* PBXContainerItemProxy */;
		};
/* End PBXTargetDependency section */

/* Begin XCBuildConfiguration section */
		455CF58826014DBF00DE17D4 /* Debug */ = {
			isa = XCBuildConfiguration;
			buildSettings = {
				ALWAYS_SEARCH_USER_PATHS = NO;
				CLANG_ANALYZER_NONNULL = YES;
				CLANG_ANALYZER_NUMBER_OBJECT_CONVERSION = YES_AGGRESSIVE;
				CLANG_CXX_LANGUAGE_STANDARD = "gnu++14";
				CLANG_CXX_LIBRARY = "libc++";
				CLANG_ENABLE_MODULES = YES;
				CLANG_ENABLE_OBJC_ARC = YES;
				CLANG_ENABLE_OBJC_WEAK = YES;
				CLANG_WARN_BLOCK_CAPTURE_AUTORELEASING = YES;
				CLANG_WARN_BOOL_CONVERSION = YES;
				CLANG_WARN_COMMA = YES;
				CLANG_WARN_CONSTANT_CONVERSION = YES;
				CLANG_WARN_DEPRECATED_OBJC_IMPLEMENTATIONS = YES;
				CLANG_WARN_DIRECT_OBJC_ISA_USAGE = YES_ERROR;
				CLANG_WARN_DOCUMENTATION_COMMENTS = YES;
				CLANG_WARN_EMPTY_BODY = YES;
				CLANG_WARN_ENUM_CONVERSION = YES;
				CLANG_WARN_INFINITE_RECURSION = YES;
				CLANG_WARN_INT_CONVERSION = YES;
				CLANG_WARN_NON_LITERAL_NULL_CONVERSION = YES;
				CLANG_WARN_OBJC_IMPLICIT_RETAIN_SELF = YES;
				CLANG_WARN_OBJC_LITERAL_CONVERSION = YES;
				CLANG_WARN_OBJC_ROOT_CLASS = YES_ERROR;
				CLANG_WARN_QUOTED_INCLUDE_IN_FRAMEWORK_HEADER = YES;
				CLANG_WARN_RANGE_LOOP_ANALYSIS = YES;
				CLANG_WARN_STRICT_PROTOTYPES = YES;
				CLANG_WARN_SUSPICIOUS_MOVE = YES;
				CLANG_WARN_UNGUARDED_AVAILABILITY = YES_AGGRESSIVE;
				CLANG_WARN_UNREACHABLE_CODE = YES;
				CLANG_WARN__DUPLICATE_METHOD_MATCH = YES;
				COPY_PHASE_STRIP = NO;
				DEBUG_INFORMATION_FORMAT = dwarf;
				ENABLE_STRICT_OBJC_MSGSEND = YES;
				ENABLE_TESTABILITY = YES;
				GCC_C_LANGUAGE_STANDARD = gnu11;
				GCC_DYNAMIC_NO_PIC = NO;
				GCC_NO_COMMON_BLOCKS = YES;
				GCC_OPTIMIZATION_LEVEL = 0;
				GCC_PREPROCESSOR_DEFINITIONS = (
					"DEBUG=1",
					"$(inherited)",
				);
				GCC_WARN_64_TO_32_BIT_CONVERSION = YES;
				GCC_WARN_ABOUT_RETURN_TYPE = YES_ERROR;
				GCC_WARN_UNDECLARED_SELECTOR = YES;
				GCC_WARN_UNINITIALIZED_AUTOS = YES_AGGRESSIVE;
				GCC_WARN_UNUSED_FUNCTION = YES;
				GCC_WARN_UNUSED_VARIABLE = YES;
				MTL_ENABLE_DEBUG_INFO = INCLUDE_SOURCE;
				MTL_FAST_MATH = YES;
				ONLY_ACTIVE_ARCH = YES;
				SDKROOT = iphoneos;
				SWIFT_ACTIVE_COMPILATION_CONDITIONS = DEBUG;
				SWIFT_OPTIMIZATION_LEVEL = "-Onone";
			};
			name = Debug;
		};
		455CF58926014DBF00DE17D4 /* Release */ = {
			isa = XCBuildConfiguration;
			buildSettings = {
				ALWAYS_SEARCH_USER_PATHS = NO;
				CLANG_ANALYZER_NONNULL = YES;
				CLANG_ANALYZER_NUMBER_OBJECT_CONVERSION = YES_AGGRESSIVE;
				CLANG_CXX_LANGUAGE_STANDARD = "gnu++14";
				CLANG_CXX_LIBRARY = "libc++";
				CLANG_ENABLE_MODULES = YES;
				CLANG_ENABLE_OBJC_ARC = YES;
				CLANG_ENABLE_OBJC_WEAK = YES;
				CLANG_WARN_BLOCK_CAPTURE_AUTORELEASING = YES;
				CLANG_WARN_BOOL_CONVERSION = YES;
				CLANG_WARN_COMMA = YES;
				CLANG_WARN_CONSTANT_CONVERSION = YES;
				CLANG_WARN_DEPRECATED_OBJC_IMPLEMENTATIONS = YES;
				CLANG_WARN_DIRECT_OBJC_ISA_USAGE = YES_ERROR;
				CLANG_WARN_DOCUMENTATION_COMMENTS = YES;
				CLANG_WARN_EMPTY_BODY = YES;
				CLANG_WARN_ENUM_CONVERSION = YES;
				CLANG_WARN_INFINITE_RECURSION = YES;
				CLANG_WARN_INT_CONVERSION = YES;
				CLANG_WARN_NON_LITERAL_NULL_CONVERSION = YES;
				CLANG_WARN_OBJC_IMPLICIT_RETAIN_SELF = YES;
				CLANG_WARN_OBJC_LITERAL_CONVERSION = YES;
				CLANG_WARN_OBJC_ROOT_CLASS = YES_ERROR;
				CLANG_WARN_QUOTED_INCLUDE_IN_FRAMEWORK_HEADER = YES;
				CLANG_WARN_RANGE_LOOP_ANALYSIS = YES;
				CLANG_WARN_STRICT_PROTOTYPES = YES;
				CLANG_WARN_SUSPICIOUS_MOVE = YES;
				CLANG_WARN_UNGUARDED_AVAILABILITY = YES_AGGRESSIVE;
				CLANG_WARN_UNREACHABLE_CODE = YES;
				CLANG_WARN__DUPLICATE_METHOD_MATCH = YES;
				COPY_PHASE_STRIP = NO;
				DEBUG_INFORMATION_FORMAT = "dwarf-with-dsym";
				ENABLE_NS_ASSERTIONS = NO;
				ENABLE_STRICT_OBJC_MSGSEND = YES;
				GCC_C_LANGUAGE_STANDARD = gnu11;
				GCC_NO_COMMON_BLOCKS = YES;
				GCC_WARN_64_TO_32_BIT_CONVERSION = YES;
				GCC_WARN_ABOUT_RETURN_TYPE = YES_ERROR;
				GCC_WARN_UNDECLARED_SELECTOR = YES;
				GCC_WARN_UNINITIALIZED_AUTOS = YES_AGGRESSIVE;
				GCC_WARN_UNUSED_FUNCTION = YES;
				GCC_WARN_UNUSED_VARIABLE = YES;
				MTL_ENABLE_DEBUG_INFO = NO;
				MTL_FAST_MATH = YES;
				SDKROOT = iphoneos;
				SWIFT_COMPILATION_MODE = wholemodule;
				SWIFT_OPTIMIZATION_LEVEL = "-O";
				VALIDATE_PRODUCT = YES;
			};
			name = Release;
		};
		455CF58B26014DBF00DE17D4 /* Debug */ = {
			isa = XCBuildConfiguration;
			buildSettings = {
				ASSETCATALOG_COMPILER_COMPLICATION_NAME = Complication;
				CODE_SIGN_ENTITLEMENTS = "AmoroApp WatchKit Extension/AmoroApp WatchKit Extension.entitlements";
				CODE_SIGN_STYLE = Automatic;
				DEVELOPMENT_ASSET_PATHS = "\"AmoroApp WatchKit Extension/Preview Content\"";
				DEVELOPMENT_TEAM = NV6658KLR4;
				ENABLE_PREVIEWS = YES;
				INFOPLIST_FILE = "AmoroApp WatchKit Extension/Info.plist";
				LD_RUNPATH_SEARCH_PATHS = (
					"$(inherited)",
					"@executable_path/Frameworks",
					"@executable_path/../../Frameworks",
				);
				PRODUCT_BUNDLE_IDENTIFIER = com.SarahNinsi.AmoroApp.watchkitapp.watchkitextension;
				PRODUCT_NAME = "${TARGET_NAME}";
				SDKROOT = watchos;
				SKIP_INSTALL = YES;
				SWIFT_VERSION = 5.0;
				TARGETED_DEVICE_FAMILY = 4;
				WATCHOS_DEPLOYMENT_TARGET = 7.2;
			};
			name = Debug;
		};
		455CF58C26014DBF00DE17D4 /* Release */ = {
			isa = XCBuildConfiguration;
			buildSettings = {
				ASSETCATALOG_COMPILER_COMPLICATION_NAME = Complication;
				CODE_SIGN_ENTITLEMENTS = "AmoroApp WatchKit Extension/AmoroApp WatchKit Extension.entitlements";
				CODE_SIGN_STYLE = Automatic;
				DEVELOPMENT_ASSET_PATHS = "\"AmoroApp WatchKit Extension/Preview Content\"";
				DEVELOPMENT_TEAM = NV6658KLR4;
				ENABLE_PREVIEWS = YES;
				INFOPLIST_FILE = "AmoroApp WatchKit Extension/Info.plist";
				LD_RUNPATH_SEARCH_PATHS = (
					"$(inherited)",
					"@executable_path/Frameworks",
					"@executable_path/../../Frameworks",
				);
				PRODUCT_BUNDLE_IDENTIFIER = com.SarahNinsi.AmoroApp.watchkitapp.watchkitextension;
				PRODUCT_NAME = "${TARGET_NAME}";
				SDKROOT = watchos;
				SKIP_INSTALL = YES;
				SWIFT_VERSION = 5.0;
				TARGETED_DEVICE_FAMILY = 4;
				WATCHOS_DEPLOYMENT_TARGET = 7.2;
			};
			name = Release;
		};
		455CF58F26014DBF00DE17D4 /* Debug */ = {
			isa = XCBuildConfiguration;
			buildSettings = {
				ALWAYS_EMBED_SWIFT_STANDARD_LIBRARIES = YES;
				ASSETCATALOG_COMPILER_APPICON_NAME = AppIcon;
				ASSETCATALOG_COMPILER_GLOBAL_ACCENT_COLOR_NAME = AccentColor;
				CLANG_ENABLE_MODULES = YES;
				CODE_SIGN_STYLE = Automatic;
				DEVELOPMENT_TEAM = NV6658KLR4;
				IBSC_MODULE = AmoroApp_WatchKit_Extension;
				INFOPLIST_FILE = "AmoroApp WatchKit App/Info.plist";
				LD_RUNPATH_SEARCH_PATHS = (
					"$(inherited)",
					"@executable_path/../Frameworks",
					"@loader_path/../Frameworks",
				);
				PRODUCT_BUNDLE_IDENTIFIER = com.SarahNinsi.AmoroApp.watchkitapp;
				PRODUCT_NAME = "$(TARGET_NAME)";
				SDKROOT = watchos;
				SKIP_INSTALL = YES;
				SWIFT_OBJC_BRIDGING_HEADER = "AmoroApp WatchKit Extension/Views/AmoroApp WatchKit App-Bridging-Header.h";
				SWIFT_OPTIMIZATION_LEVEL = "-Onone";
				SWIFT_VERSION = 5.0;
				TARGETED_DEVICE_FAMILY = 4;
				WATCHOS_DEPLOYMENT_TARGET = 7.2;
			};
			name = Debug;
		};
		455CF59026014DBF00DE17D4 /* Release */ = {
			isa = XCBuildConfiguration;
			buildSettings = {
				ALWAYS_EMBED_SWIFT_STANDARD_LIBRARIES = YES;
				ASSETCATALOG_COMPILER_APPICON_NAME = AppIcon;
				ASSETCATALOG_COMPILER_GLOBAL_ACCENT_COLOR_NAME = AccentColor;
				CLANG_ENABLE_MODULES = YES;
				CODE_SIGN_STYLE = Automatic;
				DEVELOPMENT_TEAM = NV6658KLR4;
				IBSC_MODULE = AmoroApp_WatchKit_Extension;
				INFOPLIST_FILE = "AmoroApp WatchKit App/Info.plist";
				LD_RUNPATH_SEARCH_PATHS = (
					"$(inherited)",
					"@executable_path/../Frameworks",
					"@loader_path/../Frameworks",
				);
				PRODUCT_BUNDLE_IDENTIFIER = com.SarahNinsi.AmoroApp.watchkitapp;
				PRODUCT_NAME = "$(TARGET_NAME)";
				SDKROOT = watchos;
				SKIP_INSTALL = YES;
				SWIFT_OBJC_BRIDGING_HEADER = "AmoroApp WatchKit Extension/Views/AmoroApp WatchKit App-Bridging-Header.h";
				SWIFT_VERSION = 5.0;
				TARGETED_DEVICE_FAMILY = 4;
				WATCHOS_DEPLOYMENT_TARGET = 7.2;
			};
			name = Release;
		};
		455CF59326014DBF00DE17D4 /* Debug */ = {
			isa = XCBuildConfiguration;
			buildSettings = {
				CLANG_ENABLE_MODULES = YES;
				CODE_SIGN_STYLE = Automatic;
				CURRENT_PROJECT_VERSION = 1;
				DEVELOPMENT_TEAM = NV6658KLR4;
				LD_RUNPATH_SEARCH_PATHS = (
					"$(inherited)",
					"@executable_path/Frameworks",
					"@loader_path/Frameworks",
				);
				MARKETING_VERSION = 1.0;
				PRODUCT_BUNDLE_IDENTIFIER = com.SarahNinsi.AmoroApp;
				PRODUCT_NAME = "$(TARGET_NAME)";
				SWIFT_OBJC_BRIDGING_HEADER = "AmoroApp WatchKit Extension/Views/AmoroApp-Bridging-Header.h";
				SWIFT_OPTIMIZATION_LEVEL = "-Onone";
				SWIFT_VERSION = 5.0;
			};
			name = Debug;
		};
		455CF59426014DBF00DE17D4 /* Release */ = {
			isa = XCBuildConfiguration;
			buildSettings = {
				CLANG_ENABLE_MODULES = YES;
				CODE_SIGN_STYLE = Automatic;
				CURRENT_PROJECT_VERSION = 1;
				DEVELOPMENT_TEAM = NV6658KLR4;
				LD_RUNPATH_SEARCH_PATHS = (
					"$(inherited)",
					"@executable_path/Frameworks",
					"@loader_path/Frameworks",
				);
				MARKETING_VERSION = 1.0;
				PRODUCT_BUNDLE_IDENTIFIER = com.SarahNinsi.AmoroApp;
				PRODUCT_NAME = "$(TARGET_NAME)";
				SWIFT_OBJC_BRIDGING_HEADER = "AmoroApp WatchKit Extension/Views/AmoroApp-Bridging-Header.h";
				SWIFT_VERSION = 5.0;
			};
			name = Release;
		};
/* End XCBuildConfiguration section */

/* Begin XCConfigurationList section */
		455CF55F26014DBC00DE17D4 /* Build configuration list for PBXProject "AmoroApp" */ = {
			isa = XCConfigurationList;
			buildConfigurations = (
				455CF58826014DBF00DE17D4 /* Debug */,
				455CF58926014DBF00DE17D4 /* Release */,
			);
			defaultConfigurationIsVisible = 0;
			defaultConfigurationName = Release;
		};
		455CF58A26014DBF00DE17D4 /* Build configuration list for PBXNativeTarget "AmoroApp WatchKit Extension" */ = {
			isa = XCConfigurationList;
			buildConfigurations = (
				455CF58B26014DBF00DE17D4 /* Debug */,
				455CF58C26014DBF00DE17D4 /* Release */,
			);
			defaultConfigurationIsVisible = 0;
			defaultConfigurationName = Release;
		};
		455CF58E26014DBF00DE17D4 /* Build configuration list for PBXNativeTarget "AmoroApp WatchKit App" */ = {
			isa = XCConfigurationList;
			buildConfigurations = (
				455CF58F26014DBF00DE17D4 /* Debug */,
				455CF59026014DBF00DE17D4 /* Release */,
			);
			defaultConfigurationIsVisible = 0;
			defaultConfigurationName = Release;
		};
		455CF59226014DBF00DE17D4 /* Build configuration list for PBXNativeTarget "AmoroApp" */ = {
			isa = XCConfigurationList;
			buildConfigurations = (
				455CF59326014DBF00DE17D4 /* Debug */,
				455CF59426014DBF00DE17D4 /* Release */,
			);
			defaultConfigurationIsVisible = 0;
			defaultConfigurationName = Release;
		};
/* End XCConfigurationList section */
	};
	rootObject = 455CF55C26014DBC00DE17D4 /* Project object */;
}
